// !$*UTF8*$!
{
	archiveVersion = 1;
	classes = {
	};
	objectVersion = 50;
	objects = {

/* Begin PBXBuildFile section */
		4F06BD172248129F00138AE0 /* smoke.png in Resources */ = {isa = PBXBuildFile; fileRef = 4F06BD152248129F00138AE0 /* smoke.png */; };
		4F5E6F9E2248146100C8C7C5 /* Spout.scnp in Resources */ = {isa = PBXBuildFile; fileRef = 4F5E6F9D2248146100C8C7C5 /* Spout.scnp */; };
		4F93FCC52244712F0015C8FE /* AppDelegate.swift in Sources */ = {isa = PBXBuildFile; fileRef = 4F93FCC42244712F0015C8FE /* AppDelegate.swift */; };
		4F93FCC72244712F0015C8FE /* art.scnassets in Resources */ = {isa = PBXBuildFile; fileRef = 4F93FCC62244712F0015C8FE /* art.scnassets */; };
		4F93FCC92244712F0015C8FE /* ViewController.swift in Sources */ = {isa = PBXBuildFile; fileRef = 4F93FCC82244712F0015C8FE /* ViewController.swift */; };
		4F93FCCE224471310015C8FE /* Assets.xcassets in Resources */ = {isa = PBXBuildFile; fileRef = 4F93FCCD224471310015C8FE /* Assets.xcassets */; };
/* End PBXBuildFile section */

/* Begin PBXFileReference section */
		4F06BD152248129F00138AE0 /* smoke.png */ = {isa = PBXFileReference; lastKnownFileType = image.png; name = smoke.png; path = Kayak/art.scnassets/smoke.png; sourceTree = "<group>"; };
		4F5E6F9D2248146100C8C7C5 /* Spout.scnp */ = {isa = PBXFileReference; lastKnownFileType = file.scp; name = Spout.scnp; path = Kayak/art.scnassets/Spout.scnp; sourceTree = "<group>"; };
		4F93FCC12244712F0015C8FE /* Kayak.app */ = {isa = PBXFileReference; explicitFileType = wrapper.application; includeInIndex = 0; path = Kayak.app; sourceTree = BUILT_PRODUCTS_DIR; };
		4F93FCC42244712F0015C8FE /* AppDelegate.swift */ = {isa = PBXFileReference; lastKnownFileType = sourcecode.swift; path = AppDelegate.swift; sourceTree = "<group>"; };
		4F93FCC62244712F0015C8FE /* art.scnassets */ = {isa = PBXFileReference; lastKnownFileType = wrapper.scnassets; path = art.scnassets; sourceTree = "<group>"; };
		4F93FCC82244712F0015C8FE /* ViewController.swift */ = {isa = PBXFileReference; lastKnownFileType = sourcecode.swift; path = ViewController.swift; sourceTree = "<group>"; };
		4F93FCCD224471310015C8FE /* Assets.xcassets */ = {isa = PBXFileReference; lastKnownFileType = folder.assetcatalog; path = Assets.xcassets; sourceTree = "<group>"; };
		4F93FCD2224471310015C8FE /* Info.plist */ = {isa = PBXFileReference; lastKnownFileType = text.plist.xml; path = Info.plist; sourceTree = "<group>"; };
/* End PBXFileReference section */

/* Begin PBXFrameworksBuildPhase section */
		4F93FCBE2244712E0015C8FE /* Frameworks */ = {
			isa = PBXFrameworksBuildPhase;
			buildActionMask = 2147483647;
			files = (
			);
			runOnlyForDeploymentPostprocessing = 0;
		};
/* End PBXFrameworksBuildPhase section */

/* Begin PBXGroup section */
		4F93FCB82244712E0015C8FE = {
			isa = PBXGroup;
			children = (
				4F5E6F9D2248146100C8C7C5 /* Spout.scnp */,
				4F06BD152248129F00138AE0 /* smoke.png */,
				4F93FCC32244712F0015C8FE /* Kayak */,
				4F93FCC22244712F0015C8FE /* Products */,
			);
			sourceTree = "<group>";
		};
		4F93FCC22244712F0015C8FE /* Products */ = {
			isa = PBXGroup;
			children = (
				4F93FCC12244712F0015C8FE /* Kayak.app */,
			);
			name = Products;
			sourceTree = "<group>";
		};
		4F93FCC32244712F0015C8FE /* Kayak */ = {
			isa = PBXGroup;
			children = (
				4F93FCC42244712F0015C8FE /* AppDelegate.swift */,
				4F93FCC62244712F0015C8FE /* art.scnassets */,
				4F93FCC82244712F0015C8FE /* ViewController.swift */,
				4F93FCCD224471310015C8FE /* Assets.xcassets */,
				4F93FCD2224471310015C8FE /* Info.plist */,
			);
			path = Kayak;
			sourceTree = "<group>";
		};
/* End PBXGroup section */

/* Begin PBXNativeTarget section */
		4F93FCC02244712E0015C8FE /* Kayak */ = {
			isa = PBXNativeTarget;
			buildConfigurationList = 4F93FCD5224471310015C8FE /* Build configuration list for PBXNativeTarget "Kayak" */;
			buildPhases = (
				4F93FCBD2244712E0015C8FE /* Sources */,
				4F93FCBE2244712E0015C8FE /* Frameworks */,
				4F93FCBF2244712E0015C8FE /* Resources */,
			);
			buildRules = (
			);
			dependencies = (
			);
			name = Kayak;
			productName = Kayak;
			productReference = 4F93FCC12244712F0015C8FE /* Kayak.app */;
			productType = "com.apple.product-type.application";
		};
/* End PBXNativeTarget section */

/* Begin PBXProject section */
		4F93FCB92244712E0015C8FE /* Project object */ = {
			isa = PBXProject;
			attributes = {
				LastSwiftUpdateCheck = 1010;
				LastUpgradeCheck = 1010;
				ORGANIZATIONNAME = "Jacqueline Palevich";
				TargetAttributes = {
					4F93FCC02244712E0015C8FE = {
						CreatedOnToolsVersion = 10.1;
					};
				};
			};
			buildConfigurationList = 4F93FCBC2244712E0015C8FE /* Build configuration list for PBXProject "Kayak" */;
			compatibilityVersion = "Xcode 9.3";
			developmentRegion = en;
			hasScannedForEncodings = 0;
			knownRegions = (
				en,
				Base,
			);
			mainGroup = 4F93FCB82244712E0015C8FE;
			productRefGroup = 4F93FCC22244712F0015C8FE /* Products */;
			projectDirPath = "";
			projectRoot = "";
			targets = (
				4F93FCC02244712E0015C8FE /* Kayak */,
			);
		};
/* End PBXProject section */

/* Begin PBXResourcesBuildPhase section */
		4F93FCBF2244712E0015C8FE /* Resources */ = {
			isa = PBXResourcesBuildPhase;
			buildActionMask = 2147483647;
			files = (
				4F93FCC72244712F0015C8FE /* art.scnassets in Resources */,
				4F06BD172248129F00138AE0 /* smoke.png in Resources */,
				4F93FCCE224471310015C8FE /* Assets.xcassets in Resources */,
				4F5E6F9E2248146100C8C7C5 /* Spout.scnp in Resources */,
			);
			runOnlyForDeploymentPostprocessing = 0;
		};
/* End PBXResourcesBuildPhase section */

/* Begin PBXSourcesBuildPhase section */
		4F93FCBD2244712E0015C8FE /* Sources */ = {
			isa = PBXSourcesBuildPhase;
			buildActionMask = 2147483647;
			files = (
				4F93FCC92244712F0015C8FE /* ViewController.swift in Sources */,
				4F93FCC52244712F0015C8FE /* AppDelegate.swift in Sources */,
			);
			runOnlyForDeploymentPostprocessing = 0;
		};
/* End PBXSourcesBuildPhase section */

/* Begin XCBuildConfiguration section */
		4F93FCD3224471310015C8FE /* Debug */ = {
			isa = XCBuildConfiguration;
			buildSettings = {
				ALWAYS_SEARCH_USER_PATHS = NO;
				CLANG_ANALYZER_NONNULL = YES;
				CLANG_ANALYZER_NUMBER_OBJECT_CONVERSION = YES_AGGRESSIVE;
				CLANG_CXX_LANGUAGE_STANDARD = "gnu++14";
				CLANG_CXX_LIBRARY = "libc++";
				CLANG_ENABLE_MODULES = YES;
				CLANG_ENABLE_OBJC_ARC = YES;
				CLANG_ENABLE_OBJC_WEAK = YES;
				CLANG_WARN_BLOCK_CAPTURE_AUTORELEASING = YES;
				CLANG_WARN_BOOL_CONVERSION = YES;
				CLANG_WARN_COMMA = YES;
				CLANG_WARN_CONSTANT_CONVERSION = YES;
				CLANG_WARN_DEPRECATED_OBJC_IMPLEMENTATIONS = YES;
				CLANG_WARN_DIRECT_OBJC_ISA_USAGE = YES_ERROR;
				CLANG_WARN_DOCUMENTATION_COMMENTS = YES;
				CLANG_WARN_EMPTY_BODY = YES;
				CLANG_WARN_ENUM_CONVERSION = YES;
				CLANG_WARN_INFINITE_RECURSION = YES;
				CLANG_WARN_INT_CONVERSION = YES;
				CLANG_WARN_NON_LITERAL_NULL_CONVERSION = YES;
				CLANG_WARN_OBJC_IMPLICIT_RETAIN_SELF = YES;
				CLANG_WARN_OBJC_LITERAL_CONVERSION = YES;
				CLANG_WARN_OBJC_ROOT_CLASS = YES_ERROR;
				CLANG_WARN_RANGE_LOOP_ANALYSIS = YES;
				CLANG_WARN_STRICT_PROTOTYPES = YES;
				CLANG_WARN_SUSPICIOUS_MOVE = YES;
				CLANG_WARN_UNGUARDED_AVAILABILITY = YES_AGGRESSIVE;
				CLANG_WARN_UNREACHABLE_CODE = YES;
				CLANG_WARN__DUPLICATE_METHOD_MATCH = YES;
				CODE_SIGN_IDENTITY = "iPhone Developer";
				COPY_PHASE_STRIP = NO;
				DEBUG_INFORMATION_FORMAT = dwarf;
				ENABLE_STRICT_OBJC_MSGSEND = YES;
				ENABLE_TESTABILITY = YES;
				GCC_C_LANGUAGE_STANDARD = gnu11;
				GCC_DYNAMIC_NO_PIC = NO;
				GCC_NO_COMMON_BLOCKS = YES;
				GCC_OPTIMIZATION_LEVEL = 0;
				GCC_PREPROCESSOR_DEFINITIONS = (
					"DEBUG=1",
					"$(inherited)",
				);
				GCC_WARN_64_TO_32_BIT_CONVERSION = YES;
				GCC_WARN_ABOUT_RETURN_TYPE = YES_ERROR;
				GCC_WARN_UNDECLARED_SELECTOR = YES;
				GCC_WARN_UNINITIALIZED_AUTOS = YES_AGGRESSIVE;
				GCC_WARN_UNUSED_FUNCTION = YES;
				GCC_WARN_UNUSED_VARIABLE = YES;
				IPHONEOS_DEPLOYMENT_TARGET = 12.1;
				MTL_ENABLE_DEBUG_INFO = INCLUDE_SOURCE;
				MTL_FAST_MATH = YES;
				ONLY_ACTIVE_ARCH = YES;
				SDKROOT = iphoneos;
				SWIFT_ACTIVE_COMPILATION_CONDITIONS = DEBUG;
				SWIFT_OPTIMIZATION_LEVEL = "-Onone";
			};
			name = Debug;
		};
		4F93FCD4224471310015C8FE /* Release */ = {
			isa = XCBuildConfiguration;
			buildSettings = {
				ALWAYS_SEARCH_USER_PATHS = NO;
				CLANG_ANALYZER_NONNULL = YES;
				CLANG_ANALYZER_NUMBER_OBJECT_CONVERSION = YES_AGGRESSIVE;
				CLANG_CXX_LANGUAGE_STANDARD = "gnu++14";
				CLANG_CXX_LIBRARY = "libc++";
				CLANG_ENABLE_MODULES = YES;
				CLANG_ENABLE_OBJC_ARC = YES;
				CLANG_ENABLE_OBJC_WEAK = YES;
				CLANG_WARN_BLOCK_CAPTURE_AUTORELEASING = YES;
				CLANG_WARN_BOOL_CONVERSION = YES;
				CLANG_WARN_COMMA = YES;
				CLANG_WARN_CONSTANT_CONVERSION = YES;
				CLANG_WARN_DEPRECATED_OBJC_IMPLEMENTATIONS = YES;
				CLANG_WARN_DIRECT_OBJC_ISA_USAGE = YES_ERROR;
				CLANG_WARN_DOCUMENTATION_COMMENTS = YES;
				CLANG_WARN_EMPTY_BODY = YES;
				CLANG_WARN_ENUM_CONVERSION = YES;
				CLANG_WARN_INFINITE_RECURSION = YES;
				CLANG_WARN_INT_CONVERSION = YES;
				CLANG_WARN_NON_LITERAL_NULL_CONVERSION = YES;
				CLANG_WARN_OBJC_IMPLICIT_RETAIN_SELF = YES;
				CLANG_WARN_OBJC_LITERAL_CONVERSION = YES;
				CLANG_WARN_OBJC_ROOT_CLASS = YES_ERROR;
				CLANG_WARN_RANGE_LOOP_ANALYSIS = YES;
				CLANG_WARN_STRICT_PROTOTYPES = YES;
				CLANG_WARN_SUSPICIOUS_MOVE = YES;
				CLANG_WARN_UNGUARDED_AVAILABILITY = YES_AGGRESSIVE;
				CLANG_WARN_UNREACHABLE_CODE = YES;
				CLANG_WARN__DUPLICATE_METHOD_MATCH = YES;
				CODE_SIGN_IDENTITY = "iPhone Developer";
				COPY_PHASE_STRIP = NO;
				DEBUG_INFORMATION_FORMAT = "dwarf-with-dsym";
				ENABLE_NS_ASSERTIONS = NO;
				ENABLE_STRICT_OBJC_MSGSEND = YES;
				GCC_C_LANGUAGE_STANDARD = gnu11;
				GCC_NO_COMMON_BLOCKS = YES;
				GCC_WARN_64_TO_32_BIT_CONVERSION = YES;
				GCC_WARN_ABOUT_RETURN_TYPE = YES_ERROR;
				GCC_WARN_UNDECLARED_SELECTOR = YES;
				GCC_WARN_UNINITIALIZED_AUTOS = YES_AGGRESSIVE;
				GCC_WARN_UNUSED_FUNCTION = YES;
				GCC_WARN_UNUSED_VARIABLE = YES;
				IPHONEOS_DEPLOYMENT_TARGET = 12.1;
				MTL_ENABLE_DEBUG_INFO = NO;
				MTL_FAST_MATH = YES;
				SDKROOT = iphoneos;
				SWIFT_COMPILATION_MODE = wholemodule;
				SWIFT_OPTIMIZATION_LEVEL = "-O";
				VALIDATE_PRODUCT = YES;
			};
			name = Release;
		};
		4F93FCD6224471310015C8FE /* Debug */ = {
			isa = XCBuildConfiguration;
			buildSettings = {
				ASSETCATALOG_COMPILER_APPICON_NAME = AppIcon;
				CODE_SIGN_STYLE = Automatic;
				DEVELOPMENT_TEAM = 2A6MLR5G4V;
				INFOPLIST_FILE = Kayak/Info.plist;
				LD_RUNPATH_SEARCH_PATHS = (
					"$(inherited)",
					"@executable_path/Frameworks",
				);
				PRODUCT_BUNDLE_IDENTIFIER = "Jacqueline-Palevich.Kayak";
				PRODUCT_NAME = "$(TARGET_NAME)";
				SWIFT_VERSION = 4.2;
				TARGETED_DEVICE_FAMILY = "1,2";
			};
			name = Debug;
		};
		4F93FCD7224471310015C8FE /* Release */ = {
			isa = XCBuildConfiguration;
			buildSettings = {
				ASSETCATALOG_COMPILER_APPICON_NAME = AppIcon;
				CODE_SIGN_STYLE = Automatic;
				DEVELOPMENT_TEAM = 2A6MLR5G4V;
				INFOPLIST_FILE = Kayak/Info.plist;
				LD_RUNPATH_SEARCH_PATHS = (
					"$(inherited)",
					"@executable_path/Frameworks",
				);
				PRODUCT_BUNDLE_IDENTIFIER = "Jacqueline-Palevich.Kayak";
				PRODUCT_NAME = "$(TARGET_NAME)";
				SWIFT_VERSION = 4.2;
				TARGETED_DEVICE_FAMILY = "1,2";
			};
			name = Release;
		};
/* End XCBuildConfiguration section */

/* Begin XCConfigurationList section */
		4F93FCBC2244712E0015C8FE /* Build configuration list for PBXProject "Kayak" */ = {
			isa = XCConfigurationList;
			buildConfigurations = (
				4F93FCD3224471310015C8FE /* Debug */,
				4F93FCD4224471310015C8FE /* Release */,
			);
			defaultConfigurationIsVisible = 0;
			defaultConfigurationName = Release;
		};
		4F93FCD5224471310015C8FE /* Build configuration list for PBXNativeTarget "Kayak" */ = {
			isa = XCConfigurationList;
			buildConfigurations = (
				4F93FCD6224471310015C8FE /* Debug */,
				4F93FCD7224471310015C8FE /* Release */,
			);
			defaultConfigurationIsVisible = 0;
			defaultConfigurationName = Release;
		};
/* End XCConfigurationList section */
	};
	rootObject = 4F93FCB92244712E0015C8FE /* Project object */;
}
